// !$*UTF8*$!
{
	archiveVersion = 1;
	classes = {
	};
	objectVersion = 50;
	objects = {

/* Begin PBXBuildFile section */
		96EF2C1A2542724000E280D8 /* AppDelegate.swift in Sources */ = {isa = PBXBuildFile; fileRef = 96EF2C192542724000E280D8 /* AppDelegate.swift */; };
		96EF2C1C2542724000E280D8 /* SceneDelegate.swift in Sources */ = {isa = PBXBuildFile; fileRef = 96EF2C1B2542724000E280D8 /* SceneDelegate.swift */; };
		96EF2C1E2542724000E280D8 /* ViewController.swift in Sources */ = {isa = PBXBuildFile; fileRef = 96EF2C1D2542724000E280D8 /* ViewController.swift */; };
		96EF2C212542724000E280D8 /* Main.storyboard in Resources */ = {isa = PBXBuildFile; fileRef = 96EF2C1F2542724000E280D8 /* Main.storyboard */; };
		96EF2C232542724200E280D8 /* Assets.xcassets in Resources */ = {isa = PBXBuildFile; fileRef = 96EF2C222542724200E280D8 /* Assets.xcassets */; };
		96EF2C262542724200E280D8 /* LaunchScreen.storyboard in Resources */ = {isa = PBXBuildFile; fileRef = 96EF2C242542724200E280D8 /* LaunchScreen.storyboard */; };
		96EF2C312542724200E280D8 /* FlixTests.swift in Sources */ = {isa = PBXBuildFile; fileRef = 96EF2C302542724200E280D8 /* FlixTests.swift */; };
		96EF2C3C2542724200E280D8 /* FlixUITests.swift in Sources */ = {isa = PBXBuildFile; fileRef = 96EF2C3B2542724200E280D8 /* FlixUITests.swift */; };
/* End PBXBuildFile section */

/* Begin PBXContainerItemProxy section */
		96EF2C2D2542724200E280D8 /* PBXContainerItemProxy */ = {
			isa = PBXContainerItemProxy;
			containerPortal = 96EF2C0E2542723F00E280D8 /* Project object */;
			proxyType = 1;
			remoteGlobalIDString = 96EF2C152542724000E280D8;
			remoteInfo = Flix;
		};
		96EF2C382542724200E280D8 /* PBXContainerItemProxy */ = {
			isa = PBXContainerItemProxy;
			containerPortal = 96EF2C0E2542723F00E280D8 /* Project object */;
			proxyType = 1;
			remoteGlobalIDString = 96EF2C152542724000E280D8;
			remoteInfo = Flix;
		};
/* End PBXContainerItemProxy section */

/* Begin PBXFileReference section */
		96EF2C162542724000E280D8 /* Flix.app */ = {isa = PBXFileReference; explicitFileType = wrapper.application; includeInIndex = 0; path = Flix.app; sourceTree = BUILT_PRODUCTS_DIR; };
		96EF2C192542724000E280D8 /* AppDelegate.swift */ = {isa = PBXFileReference; lastKnownFileType = sourcecode.swift; path = AppDelegate.swift; sourceTree = "<group>"; };
		96EF2C1B2542724000E280D8 /* SceneDelegate.swift */ = {isa = PBXFileReference; lastKnownFileType = sourcecode.swift; path = SceneDelegate.swift; sourceTree = "<group>"; };
		96EF2C1D2542724000E280D8 /* ViewController.swift */ = {isa = PBXFileReference; lastKnownFileType = sourcecode.swift; path = ViewController.swift; sourceTree = "<group>"; };
		96EF2C202542724000E280D8 /* Base */ = {isa = PBXFileReference; lastKnownFileType = file.storyboard; name = Base; path = Base.lproj/Main.storyboard; sourceTree = "<group>"; };
		96EF2C222542724200E280D8 /* Assets.xcassets */ = {isa = PBXFileReference; lastKnownFileType = folder.assetcatalog; path = Assets.xcassets; sourceTree = "<group>"; };
		96EF2C252542724200E280D8 /* Base */ = {isa = PBXFileReference; lastKnownFileType = file.storyboard; name = Base; path = Base.lproj/LaunchScreen.storyboard; sourceTree = "<group>"; };
		96EF2C272542724200E280D8 /* Info.plist */ = {isa = PBXFileReference; lastKnownFileType = text.plist.xml; path = Info.plist; sourceTree = "<group>"; };
		96EF2C2C2542724200E280D8 /* FlixTests.xctest */ = {isa = PBXFileReference; explicitFileType = wrapper.cfbundle; includeInIndex = 0; path = FlixTests.xctest; sourceTree = BUILT_PRODUCTS_DIR; };
		96EF2C302542724200E280D8 /* FlixTests.swift */ = {isa = PBXFileReference; lastKnownFileType = sourcecode.swift; path = FlixTests.swift; sourceTree = "<group>"; };
		96EF2C322542724200E280D8 /* Info.plist */ = {isa = PBXFileReference; lastKnownFileType = text.plist.xml; path = Info.plist; sourceTree = "<group>"; };
		96EF2C372542724200E280D8 /* FlixUITests.xctest */ = {isa = PBXFileReference; explicitFileType = wrapper.cfbundle; includeInIndex = 0; path = FlixUITests.xctest; sourceTree = BUILT_PRODUCTS_DIR; };
		96EF2C3B2542724200E280D8 /* FlixUITests.swift */ = {isa = PBXFileReference; lastKnownFileType = sourcecode.swift; path = FlixUITests.swift; sourceTree = "<group>"; };
		96EF2C3D2542724200E280D8 /* Info.plist */ = {isa = PBXFileReference; lastKnownFileType = text.plist.xml; path = Info.plist; sourceTree = "<group>"; };
/* End PBXFileReference section */

/* Begin PBXFrameworksBuildPhase section */
		96EF2C132542724000E280D8 /* Frameworks */ = {
			isa = PBXFrameworksBuildPhase;
			buildActionMask = 2147483647;
			files = (
			);
			runOnlyForDeploymentPostprocessing = 0;
		};
		96EF2C292542724200E280D8 /* Frameworks */ = {
			isa = PBXFrameworksBuildPhase;
			buildActionMask = 2147483647;
			files = (
			);
			runOnlyForDeploymentPostprocessing = 0;
		};
		96EF2C342542724200E280D8 /* Frameworks */ = {
			isa = PBXFrameworksBuildPhase;
			buildActionMask = 2147483647;
			files = (
			);
			runOnlyForDeploymentPostprocessing = 0;
		};
/* End PBXFrameworksBuildPhase section */

/* Begin PBXGroup section */
		96EF2C0D2542723F00E280D8 = {
			isa = PBXGroup;
			children = (
				96EF2C182542724000E280D8 /* Flix */,
				96EF2C2F2542724200E280D8 /* FlixTests */,
				96EF2C3A2542724200E280D8 /* FlixUITests */,
				96EF2C172542724000E280D8 /* Products */,
			);
			sourceTree = "<group>";
		};
		96EF2C172542724000E280D8 /* Products */ = {
			isa = PBXGroup;
			children = (
				96EF2C162542724000E280D8 /* Flix.app */,
				96EF2C2C2542724200E280D8 /* FlixTests.xctest */,
				96EF2C372542724200E280D8 /* FlixUITests.xctest */,
			);
			name = Products;
			sourceTree = "<group>";
		};
		96EF2C182542724000E280D8 /* Flix */ = {
			isa = PBXGroup;
			children = (
				96EF2C192542724000E280D8 /* AppDelegate.swift */,
				96EF2C1B2542724000E280D8 /* SceneDelegate.swift */,
				96EF2C1D2542724000E280D8 /* ViewController.swift */,
				96EF2C1F2542724000E280D8 /* Main.storyboard */,
				96EF2C222542724200E280D8 /* Assets.xcassets */,
				96EF2C242542724200E280D8 /* LaunchScreen.storyboard */,
				96EF2C272542724200E280D8 /* Info.plist */,
			);
			path = Flix;
			sourceTree = "<group>";
		};
		96EF2C2F2542724200E280D8 /* FlixTests */ = {
			isa = PBXGroup;
			children = (
				96EF2C302542724200E280D8 /* FlixTests.swift */,
				96EF2C322542724200E280D8 /* Info.plist */,
			);
			path = FlixTests;
			sourceTree = "<group>";
		};
		96EF2C3A2542724200E280D8 /* FlixUITests */ = {
			isa = PBXGroup;
			children = (
				96EF2C3B2542724200E280D8 /* FlixUITests.swift */,
				96EF2C3D2542724200E280D8 /* Info.plist */,
			);
			path = FlixUITests;
			sourceTree = "<group>";
		};
/* End PBXGroup section */

/* Begin PBXNativeTarget section */
		96EF2C152542724000E280D8 /* Flix */ = {
			isa = PBXNativeTarget;
			buildConfigurationList = 96EF2C402542724200E280D8 /* Build configuration list for PBXNativeTarget "Flix" */;
			buildPhases = (
				96EF2C122542724000E280D8 /* Sources */,
				96EF2C132542724000E280D8 /* Frameworks */,
				96EF2C142542724000E280D8 /* Resources */,
			);
			buildRules = (
			);
			dependencies = (
			);
			name = Flix;
			productName = Flix;
			productReference = 96EF2C162542724000E280D8 /* Flix.app */;
			productType = "com.apple.product-type.application";
		};
		96EF2C2B2542724200E280D8 /* FlixTests */ = {
			isa = PBXNativeTarget;
			buildConfigurationList = 96EF2C432542724200E280D8 /* Build configuration list for PBXNativeTarget "FlixTests" */;
			buildPhases = (
				96EF2C282542724200E280D8 /* Sources */,
				96EF2C292542724200E280D8 /* Frameworks */,
				96EF2C2A2542724200E280D8 /* Resources */,
			);
			buildRules = (
			);
			dependencies = (
				96EF2C2E2542724200E280D8 /* PBXTargetDependency */,
			);
			name = FlixTests;
			productName = FlixTests;
			productReference = 96EF2C2C2542724200E280D8 /* FlixTests.xctest */;
			productType = "com.apple.product-type.bundle.unit-test";
		};
		96EF2C362542724200E280D8 /* FlixUITests */ = {
			isa = PBXNativeTarget;
			buildConfigurationList = 96EF2C462542724200E280D8 /* Build configuration list for PBXNativeTarget "FlixUITests" */;
			buildPhases = (
				96EF2C332542724200E280D8 /* Sources */,
				96EF2C342542724200E280D8 /* Frameworks */,
				96EF2C352542724200E280D8 /* Resources */,
			);
			buildRules = (
			);
			dependencies = (
				96EF2C392542724200E280D8 /* PBXTargetDependency */,
			);
			name = FlixUITests;
			productName = FlixUITests;
			productReference = 96EF2C372542724200E280D8 /* FlixUITests.xctest */;
			productType = "com.apple.product-type.bundle.ui-testing";
		};
/* End PBXNativeTarget section */

/* Begin PBXProject section */
		96EF2C0E2542723F00E280D8 /* Project object */ = {
			isa = PBXProject;
			attributes = {
				LastSwiftUpdateCheck = 1200;
				LastUpgradeCheck = 1200;
				TargetAttributes = {
					96EF2C152542724000E280D8 = {
						CreatedOnToolsVersion = 12.0.1;
					};
					96EF2C2B2542724200E280D8 = {
						CreatedOnToolsVersion = 12.0.1;
						TestTargetID = 96EF2C152542724000E280D8;
					};
					96EF2C362542724200E280D8 = {
						CreatedOnToolsVersion = 12.0.1;
						TestTargetID = 96EF2C152542724000E280D8;
					};
				};
			};
			buildConfigurationList = 96EF2C112542723F00E280D8 /* Build configuration list for PBXProject "Flix" */;
			compatibilityVersion = "Xcode 9.3";
			developmentRegion = en;
			hasScannedForEncodings = 0;
			knownRegions = (
				en,
				Base,
			);
			mainGroup = 96EF2C0D2542723F00E280D8;
			productRefGroup = 96EF2C172542724000E280D8 /* Products */;
			projectDirPath = "";
			projectRoot = "";
			targets = (
				96EF2C152542724000E280D8 /* Flix */,
				96EF2C2B2542724200E280D8 /* FlixTests */,
				96EF2C362542724200E280D8 /* FlixUITests */,
			);
		};
/* End PBXProject section */

/* Begin PBXResourcesBuildPhase section */
		96EF2C142542724000E280D8 /* Resources */ = {
			isa = PBXResourcesBuildPhase;
			buildActionMask = 2147483647;
			files = (
				96EF2C262542724200E280D8 /* LaunchScreen.storyboard in Resources */,
				96EF2C232542724200E280D8 /* Assets.xcassets in Resources */,
				96EF2C212542724000E280D8 /* Main.storyboard in Resources */,
			);
			runOnlyForDeploymentPostprocessing = 0;
		};
		96EF2C2A2542724200E280D8 /* Resources */ = {
			isa = PBXResourcesBuildPhase;
			buildActionMask = 2147483647;
			files = (
			);
			runOnlyForDeploymentPostprocessing = 0;
		};
		96EF2C352542724200E280D8 /* Resources */ = {
			isa = PBXResourcesBuildPhase;
			buildActionMask = 2147483647;
			files = (
			);
			runOnlyForDeploymentPostprocessing = 0;
		};
/* End PBXResourcesBuildPhase section */

/* Begin PBXSourcesBuildPhase section */
		96EF2C122542724000E280D8 /* Sources */ = {
			isa = PBXSourcesBuildPhase;
			buildActionMask = 2147483647;
			files = (
				96EF2C1E2542724000E280D8 /* ViewController.swift in Sources */,
				96EF2C1A2542724000E280D8 /* AppDelegate.swift in Sources */,
				96EF2C1C2542724000E280D8 /* SceneDelegate.swift in Sources */,
			);
			runOnlyForDeploymentPostprocessing = 0;
		};
		96EF2C282542724200E280D8 /* Sources */ = {
			isa = PBXSourcesBuildPhase;
			buildActionMask = 2147483647;
			files = (
				96EF2C312542724200E280D8 /* FlixTests.swift in Sources */,
			);
			runOnlyForDeploymentPostprocessing = 0;
		};
		96EF2C332542724200E280D8 /* Sources */ = {
			isa = PBXSourcesBuildPhase;
			buildActionMask = 2147483647;
			files = (
				96EF2C3C2542724200E280D8 /* FlixUITests.swift in Sources */,
			);
			runOnlyForDeploymentPostprocessing = 0;
		};
/* End PBXSourcesBuildPhase section */

/* Begin PBXTargetDependency section */
		96EF2C2E2542724200E280D8 /* PBXTargetDependency */ = {
			isa = PBXTargetDependency;
			target = 96EF2C152542724000E280D8 /* Flix */;
			targetProxy = 96EF2C2D2542724200E280D8 /* PBXContainerItemProxy */;
		};
		96EF2C392542724200E280D8 /* PBXTargetDependency */ = {
			isa = PBXTargetDependency;
			target = 96EF2C152542724000E280D8 /* Flix */;
			targetProxy = 96EF2C382542724200E280D8 /* PBXContainerItemProxy */;
		};
/* End PBXTargetDependency section */

/* Begin PBXVariantGroup section */
		96EF2C1F2542724000E280D8 /* Main.storyboard */ = {
			isa = PBXVariantGroup;
			children = (
				96EF2C202542724000E280D8 /* Base */,
			);
			name = Main.storyboard;
			sourceTree = "<group>";
		};
		96EF2C242542724200E280D8 /* LaunchScreen.storyboard */ = {
			isa = PBXVariantGroup;
			children = (
				96EF2C252542724200E280D8 /* Base */,
			);
			name = LaunchScreen.storyboard;
			sourceTree = "<group>";
		};
/* End PBXVariantGroup section */

/* Begin XCBuildConfiguration section */
		96EF2C3E2542724200E280D8 /* Debug */ = {
			isa = XCBuildConfiguration;
			buildSettings = {
				ALWAYS_SEARCH_USER_PATHS = NO;
				CLANG_ANALYZER_NONNULL = YES;
				CLANG_ANALYZER_NUMBER_OBJECT_CONVERSION = YES_AGGRESSIVE;
				CLANG_CXX_LANGUAGE_STANDARD = "gnu++14";
				CLANG_CXX_LIBRARY = "libc++";
				CLANG_ENABLE_MODULES = YES;
				CLANG_ENABLE_OBJC_ARC = YES;
				CLANG_ENABLE_OBJC_WEAK = YES;
				CLANG_WARN_BLOCK_CAPTURE_AUTORELEASING = YES;
				CLANG_WARN_BOOL_CONVERSION = YES;
				CLANG_WARN_COMMA = YES;
				CLANG_WARN_CONSTANT_CONVERSION = YES;
				CLANG_WARN_DEPRECATED_OBJC_IMPLEMENTATIONS = YES;
				CLANG_WARN_DIRECT_OBJC_ISA_USAGE = YES_ERROR;
				CLANG_WARN_DOCUMENTATION_COMMENTS = YES;
				CLANG_WARN_EMPTY_BODY = YES;
				CLANG_WARN_ENUM_CONVERSION = YES;
				CLANG_WARN_INFINITE_RECURSION = YES;
				CLANG_WARN_INT_CONVERSION = YES;
				CLANG_WARN_NON_LITERAL_NULL_CONVERSION = YES;
				CLANG_WARN_OBJC_IMPLICIT_RETAIN_SELF = YES;
				CLANG_WARN_OBJC_LITERAL_CONVERSION = YES;
				CLANG_WARN_OBJC_ROOT_CLASS = YES_ERROR;
				CLANG_WARN_QUOTED_INCLUDE_IN_FRAMEWORK_HEADER = YES;
				CLANG_WARN_RANGE_LOOP_ANALYSIS = YES;
				CLANG_WARN_STRICT_PROTOTYPES = YES;
				CLANG_WARN_SUSPICIOUS_MOVE = YES;
				CLANG_WARN_UNGUARDED_AVAILABILITY = YES_AGGRESSIVE;
				CLANG_WARN_UNREACHABLE_CODE = YES;
				CLANG_WARN__DUPLICATE_METHOD_MATCH = YES;
				COPY_PHASE_STRIP = NO;
				DEBUG_INFORMATION_FORMAT = dwarf;
				ENABLE_STRICT_OBJC_MSGSEND = YES;
				ENABLE_TESTABILITY = YES;
				GCC_C_LANGUAGE_STANDARD = gnu11;
				GCC_DYNAMIC_NO_PIC = NO;
				GCC_NO_COMMON_BLOCKS = YES;
				GCC_OPTIMIZATION_LEVEL = 0;
				GCC_PREPROCESSOR_DEFINITIONS = (
					"DEBUG=1",
					"$(inherited)",
				);
				GCC_WARN_64_TO_32_BIT_CONVERSION = YES;
				GCC_WARN_ABOUT_RETURN_TYPE = YES_ERROR;
				GCC_WARN_UNDECLARED_SELECTOR = YES;
				GCC_WARN_UNINITIALIZED_AUTOS = YES_AGGRESSIVE;
				GCC_WARN_UNUSED_FUNCTION = YES;
				GCC_WARN_UNUSED_VARIABLE = YES;
				IPHONEOS_DEPLOYMENT_TARGET = 14.0;
				MTL_ENABLE_DEBUG_INFO = INCLUDE_SOURCE;
				MTL_FAST_MATH = YES;
				ONLY_ACTIVE_ARCH = YES;
				SDKROOT = iphoneos;
				SWIFT_ACTIVE_COMPILATION_CONDITIONS = DEBUG;
				SWIFT_OPTIMIZATION_LEVEL = "-Onone";
			};
			name = Debug;
		};
		96EF2C3F2542724200E280D8 /* Release */ = {
			isa = XCBuildConfiguration;
			buildSettings = {
				ALWAYS_SEARCH_USER_PATHS = NO;
				CLANG_ANALYZER_NONNULL = YES;
				CLANG_ANALYZER_NUMBER_OBJECT_CONVERSION = YES_AGGRESSIVE;
				CLANG_CXX_LANGUAGE_STANDARD = "gnu++14";
				CLANG_CXX_LIBRARY = "libc++";
				CLANG_ENABLE_MODULES = YES;
				CLANG_ENABLE_OBJC_ARC = YES;
				CLANG_ENABLE_OBJC_WEAK = YES;
				CLANG_WARN_BLOCK_CAPTURE_AUTORELEASING = YES;
				CLANG_WARN_BOOL_CONVERSION = YES;
				CLANG_WARN_COMMA = YES;
				CLANG_WARN_CONSTANT_CONVERSION = YES;
				CLANG_WARN_DEPRECATED_OBJC_IMPLEMENTATIONS = YES;
				CLANG_WARN_DIRECT_OBJC_ISA_USAGE = YES_ERROR;
				CLANG_WARN_DOCUMENTATION_COMMENTS = YES;
				CLANG_WARN_EMPTY_BODY = YES;
				CLANG_WARN_ENUM_CONVERSION = YES;
				CLANG_WARN_INFINITE_RECURSION = YES;
				CLANG_WARN_INT_CONVERSION = YES;
				CLANG_WARN_NON_LITERAL_NULL_CONVERSION = YES;
				CLANG_WARN_OBJC_IMPLICIT_RETAIN_SELF = YES;
				CLANG_WARN_OBJC_LITERAL_CONVERSION = YES;
				CLANG_WARN_OBJC_ROOT_CLASS = YES_ERROR;
				CLANG_WARN_QUOTED_INCLUDE_IN_FRAMEWORK_HEADER = YES;
				CLANG_WARN_RANGE_LOOP_ANALYSIS = YES;
				CLANG_WARN_STRICT_PROTOTYPES = YES;
				CLANG_WARN_SUSPICIOUS_MOVE = YES;
				CLANG_WARN_UNGUARDED_AVAILABILITY = YES_AGGRESSIVE;
				CLANG_WARN_UNREACHABLE_CODE = YES;
				CLANG_WARN__DUPLICATE_METHOD_MATCH = YES;
				COPY_PHASE_STRIP = NO;
				DEBUG_INFORMATION_FORMAT = "dwarf-with-dsym";
				ENABLE_NS_ASSERTIONS = NO;
				ENABLE_STRICT_OBJC_MSGSEND = YES;
				GCC_C_LANGUAGE_STANDARD = gnu11;
				GCC_NO_COMMON_BLOCKS = YES;
				GCC_WARN_64_TO_32_BIT_CONVERSION = YES;
				GCC_WARN_ABOUT_RETURN_TYPE = YES_ERROR;
				GCC_WARN_UNDECLARED_SELECTOR = YES;
				GCC_WARN_UNINITIALIZED_AUTOS = YES_AGGRESSIVE;
				GCC_WARN_UNUSED_FUNCTION = YES;
				GCC_WARN_UNUSED_VARIABLE = YES;
				IPHONEOS_DEPLOYMENT_TARGET = 14.0;
				MTL_ENABLE_DEBUG_INFO = NO;
				MTL_FAST_MATH = YES;
				SDKROOT = iphoneos;
				SWIFT_COMPILATION_MODE = wholemodule;
				SWIFT_OPTIMIZATION_LEVEL = "-O";
				VALIDATE_PRODUCT = YES;
			};
			name = Release;
		};
		96EF2C412542724200E280D8 /* Debug */ = {
			isa = XCBuildConfiguration;
			buildSettings = {
				ASSETCATALOG_COMPILER_APPICON_NAME = AppIcon;
				ASSETCATALOG_COMPILER_GLOBAL_ACCENT_COLOR_NAME = AccentColor;
				CODE_SIGN_STYLE = Automatic;
				INFOPLIST_FILE = Flix/Info.plist;
				LD_RUNPATH_SEARCH_PATHS = (
					"$(inherited)",
					"@executable_path/Frameworks",
				);
				PRODUCT_BUNDLE_IDENTIFIER = sairenusree.bandaru.Flix;
				PRODUCT_NAME = "$(TARGET_NAME)";
				SWIFT_VERSION = 5.0;
				TARGETED_DEVICE_FAMILY = "1,2";
			};
			name = Debug;
		};
		96EF2C422542724200E280D8 /* Release */ = {
			isa = XCBuildConfiguration;
			buildSettings = {
				ASSETCATALOG_COMPILER_APPICON_NAME = AppIcon;
				ASSETCATALOG_COMPILER_GLOBAL_ACCENT_COLOR_NAME = AccentColor;
				CODE_SIGN_STYLE = Automatic;
				INFOPLIST_FILE = Flix/Info.plist;
				LD_RUNPATH_SEARCH_PATHS = (
					"$(inherited)",
					"@executable_path/Frameworks",
				);
				PRODUCT_BUNDLE_IDENTIFIER = sairenusree.bandaru.Flix;
				PRODUCT_NAME = "$(TARGET_NAME)";
				SWIFT_VERSION = 5.0;
				TARGETED_DEVICE_FAMILY = "1,2";
			};
			name = Release;
		};
		96EF2C442542724200E280D8 /* Debug */ = {
			isa = XCBuildConfiguration;
			buildSettings = {
				ALWAYS_EMBED_SWIFT_STANDARD_LIBRARIES = YES;
				BUNDLE_LOADER = "$(TEST_HOST)";
				CODE_SIGN_STYLE = Automatic;
				INFOPLIST_FILE = FlixTests/Info.plist;
				IPHONEOS_DEPLOYMENT_TARGET = 14.0;
				LD_RUNPATH_SEARCH_PATHS = (
					"$(inherited)",
					"@executable_path/Frameworks",
					"@loader_path/Frameworks",
				);
				PRODUCT_BUNDLE_IDENTIFIER = sairenusree.bandaru.FlixTests;
				PRODUCT_NAME = "$(TARGET_NAME)";
				SWIFT_VERSION = 5.0;
				TARGETED_DEVICE_FAMILY = "1,2";
				TEST_HOST = "$(BUILT_PRODUCTS_DIR)/Flix.app/Flix";
			};
			name = Debug;
		};
		96EF2C452542724200E280D8 /* Release */ = {
			isa = XCBuildConfiguration;
			buildSettings = {
				ALWAYS_EMBED_SWIFT_STANDARD_LIBRARIES = YES;
				BUNDLE_LOADER = "$(TEST_HOST)";
				CODE_SIGN_STYLE = Automatic;
				INFOPLIST_FILE = FlixTests/Info.plist;
				IPHONEOS_DEPLOYMENT_TARGET = 14.0;
				LD_RUNPATH_SEARCH_PATHS = (
					"$(inherited)",
					"@executable_path/Frameworks",
					"@loader_path/Frameworks",
				);
				PRODUCT_BUNDLE_IDENTIFIER = sairenusree.bandaru.FlixTests;
				PRODUCT_NAME = "$(TARGET_NAME)";
				SWIFT_VERSION = 5.0;
				TARGETED_DEVICE_FAMILY = "1,2";
				TEST_HOST = "$(BUILT_PRODUCTS_DIR)/Flix.app/Flix";
			};
			name = Release;
		};
		96EF2C472542724200E280D8 /* Debug */ = {
			isa = XCBuildConfiguration;
			buildSettings = {
				ALWAYS_EMBED_SWIFT_STANDARD_LIBRARIES = YES;
				CODE_SIGN_STYLE = Automatic;
				INFOPLIST_FILE = FlixUITests/Info.plist;
				LD_RUNPATH_SEARCH_PATHS = (
					"$(inherited)",
					"@executable_path/Frameworks",
					"@loader_path/Frameworks",
				);
				PRODUCT_BUNDLE_IDENTIFIER = sairenusree.bandaru.FlixUITests;
				PRODUCT_NAME = "$(TARGET_NAME)";
				SWIFT_VERSION = 5.0;
				TARGETED_DEVICE_FAMILY = "1,2";
				TEST_TARGET_NAME = Flix;
			};
			name = Debug;
		};
		96EF2C482542724200E280D8 /* Release */ = {
			isa = XCBuildConfiguration;
			buildSettings = {
				ALWAYS_EMBED_SWIFT_STANDARD_LIBRARIES = YES;
				CODE_SIGN_STYLE = Automatic;
				INFOPLIST_FILE = FlixUITests/Info.plist;
				LD_RUNPATH_SEARCH_PATHS = (
					"$(inherited)",
					"@executable_path/Frameworks",
					"@loader_path/Frameworks",
				);
				PRODUCT_BUNDLE_IDENTIFIER = sairenusree.bandaru.FlixUITests;
				PRODUCT_NAME = "$(TARGET_NAME)";
				SWIFT_VERSION = 5.0;
				TARGETED_DEVICE_FAMILY = "1,2";
				TEST_TARGET_NAME = Flix;
			};
			name = Release;
		};
/* End XCBuildConfiguration section */

/* Begin XCConfigurationList section */
		96EF2C112542723F00E280D8 /* Build configuration list for PBXProject "Flix" */ = {
			isa = XCConfigurationList;
			buildConfigurations = (
				96EF2C3E2542724200E280D8 /* Debug */,
				96EF2C3F2542724200E280D8 /* Release */,
			);
			defaultConfigurationIsVisible = 0;
			defaultConfigurationName = Release;
		};
		96EF2C402542724200E280D8 /* Build configuration list for PBXNativeTarget "Flix" */ = {
			isa = XCConfigurationList;
			buildConfigurations = (
				96EF2C412542724200E280D8 /* Debug */,
				96EF2C422542724200E280D8 /* Release */,
			);
			defaultConfigurationIsVisible = 0;
			defaultConfigurationName = Release;
		};
		96EF2C432542724200E280D8 /* Build configuration list for PBXNativeTarget "FlixTests" */ = {
			isa = XCConfigurationList;
			buildConfigurations = (
				96EF2C442542724200E280D8 /* Debug */,
				96EF2C452542724200E280D8 /* Release */,
			);
			defaultConfigurationIsVisible = 0;
			defaultConfigurationName = Release;
		};
		96EF2C462542724200E280D8 /* Build configuration list for PBXNativeTarget "FlixUITests" */ = {
			isa = XCConfigurationList;
			buildConfigurations = (
				96EF2C472542724200E280D8 /* Debug */,
				96EF2C482542724200E280D8 /* Release */,
			);
			defaultConfigurationIsVisible = 0;
			defaultConfigurationName = Release;
		};
/* End XCConfigurationList section */
	};
	rootObject = 96EF2C0E2542723F00E280D8 /* Project object */;
}
